// !$*UTF8*$!
{
	archiveVersion = 1;
	classes = {
	};
	objectVersion = 55;
	objects = {

/* Begin PBXBuildFile section */
		535EC7A3285A9838007CA7AC /* DetailsViewController.m in Sources */ = {isa = PBXBuildFile; fileRef = 535EC7A2285A9838007CA7AC /* DetailsViewController.m */; };
		53C02E19285A4C20000E0585 /* AppDelegate.m in Sources */ = {isa = PBXBuildFile; fileRef = 53C02E18285A4C20000E0585 /* AppDelegate.m */; };
		53C02E1C285A4C20000E0585 /* SceneDelegate.m in Sources */ = {isa = PBXBuildFile; fileRef = 53C02E1B285A4C20000E0585 /* SceneDelegate.m */; };
		53C02E22285A4C20000E0585 /* Main.storyboard in Resources */ = {isa = PBXBuildFile; fileRef = 53C02E20285A4C20000E0585 /* Main.storyboard */; };
		53C02E24285A4C21000E0585 /* Assets.xcassets in Resources */ = {isa = PBXBuildFile; fileRef = 53C02E23285A4C21000E0585 /* Assets.xcassets */; };
		53C02E27285A4C21000E0585 /* LaunchScreen.storyboard in Resources */ = {isa = PBXBuildFile; fileRef = 53C02E25285A4C21000E0585 /* LaunchScreen.storyboard */; };
		53C02E2A285A4C21000E0585 /* main.m in Sources */ = {isa = PBXBuildFile; fileRef = 53C02E29285A4C21000E0585 /* main.m */; };
		53C02E34285A4C21000E0585 /* FlixterTests.m in Sources */ = {isa = PBXBuildFile; fileRef = 53C02E33285A4C21000E0585 /* FlixterTests.m */; };
		53C02E3E285A4C21000E0585 /* FlixterUITests.m in Sources */ = {isa = PBXBuildFile; fileRef = 53C02E3D285A4C21000E0585 /* FlixterUITests.m */; };
		53C02E40285A4C21000E0585 /* FlixterUITestsLaunchTests.m in Sources */ = {isa = PBXBuildFile; fileRef = 53C02E3F285A4C21000E0585 /* FlixterUITestsLaunchTests.m */; };
		53C02E4E285A51A6000E0585 /* MovieViewController.m in Sources */ = {isa = PBXBuildFile; fileRef = 53C02E4D285A51A6000E0585 /* MovieViewController.m */; };
		53C02E54285A7980000E0585 /* MovieCell.m in Sources */ = {isa = PBXBuildFile; fileRef = 53C02E53285A7980000E0585 /* MovieCell.m */; };
		53C87942285C0285004F9270 /* GridViewController.m in Sources */ = {isa = PBXBuildFile; fileRef = 53C87941285C0285004F9270 /* GridViewController.m */; };
		53C87948285C0FEE004F9270 /* AllMoviesCell.m in Sources */ = {isa = PBXBuildFile; fileRef = 53C87947285C0FEE004F9270 /* AllMoviesCell.m */; };
		719CAFCDBB9A647C52E5BE85 /* Pods_Flixter_FlixterUITests.framework in Frameworks */ = {isa = PBXBuildFile; fileRef = 90D7A3FB8D9269DDACE6AB02 /* Pods_Flixter_FlixterUITests.framework */; };
		76D8EC43B896A021B759DA0B /* Pods_Flixter.framework in Frameworks */ = {isa = PBXBuildFile; fileRef = 5CBD77DE953F2EE441A1B0E0 /* Pods_Flixter.framework */; };
		FA20D8E5FFC670CE4F691093 /* Pods_FlixterTests.framework in Frameworks */ = {isa = PBXBuildFile; fileRef = A397CC7DA39F62C73E92ECCA /* Pods_FlixterTests.framework */; };
/* End PBXBuildFile section */

/* Begin PBXContainerItemProxy section */
		53C02E30285A4C21000E0585 /* PBXContainerItemProxy */ = {
			isa = PBXContainerItemProxy;
			containerPortal = 53C02E0C285A4C20000E0585 /* Project object */;
			proxyType = 1;
			remoteGlobalIDString = 53C02E13285A4C20000E0585;
			remoteInfo = Flixter;
		};
		53C02E3A285A4C21000E0585 /* PBXContainerItemProxy */ = {
			isa = PBXContainerItemProxy;
			containerPortal = 53C02E0C285A4C20000E0585 /* Project object */;
			proxyType = 1;
			remoteGlobalIDString = 53C02E13285A4C20000E0585;
			remoteInfo = Flixter;
		};
/* End PBXContainerItemProxy section */

/* Begin PBXFileReference section */
		18B746664367E68FE96D2CE0 /* Pods-Flixter.release.xcconfig */ = {isa = PBXFileReference; includeInIndex = 1; lastKnownFileType = text.xcconfig; name = "Pods-Flixter.release.xcconfig"; path = "Target Support Files/Pods-Flixter/Pods-Flixter.release.xcconfig"; sourceTree = "<group>"; };
		535EC7A1285A9838007CA7AC /* DetailsViewController.h */ = {isa = PBXFileReference; lastKnownFileType = sourcecode.c.h; path = DetailsViewController.h; sourceTree = "<group>"; };
		535EC7A2285A9838007CA7AC /* DetailsViewController.m */ = {isa = PBXFileReference; lastKnownFileType = sourcecode.c.objc; path = DetailsViewController.m; sourceTree = "<group>"; };
		53C02E14285A4C20000E0585 /* Flixter.app */ = {isa = PBXFileReference; explicitFileType = wrapper.application; includeInIndex = 0; path = Flixter.app; sourceTree = BUILT_PRODUCTS_DIR; };
		53C02E17285A4C20000E0585 /* AppDelegate.h */ = {isa = PBXFileReference; lastKnownFileType = sourcecode.c.h; path = AppDelegate.h; sourceTree = "<group>"; };
		53C02E18285A4C20000E0585 /* AppDelegate.m */ = {isa = PBXFileReference; lastKnownFileType = sourcecode.c.objc; path = AppDelegate.m; sourceTree = "<group>"; };
		53C02E1A285A4C20000E0585 /* SceneDelegate.h */ = {isa = PBXFileReference; lastKnownFileType = sourcecode.c.h; path = SceneDelegate.h; sourceTree = "<group>"; };
		53C02E1B285A4C20000E0585 /* SceneDelegate.m */ = {isa = PBXFileReference; lastKnownFileType = sourcecode.c.objc; path = SceneDelegate.m; sourceTree = "<group>"; };
		53C02E21285A4C20000E0585 /* Base */ = {isa = PBXFileReference; lastKnownFileType = file.storyboard; name = Base; path = Base.lproj/Main.storyboard; sourceTree = "<group>"; };
		53C02E23285A4C21000E0585 /* Assets.xcassets */ = {isa = PBXFileReference; lastKnownFileType = folder.assetcatalog; path = Assets.xcassets; sourceTree = "<group>"; };
		53C02E26285A4C21000E0585 /* Base */ = {isa = PBXFileReference; lastKnownFileType = file.storyboard; name = Base; path = Base.lproj/LaunchScreen.storyboard; sourceTree = "<group>"; };
		53C02E28285A4C21000E0585 /* Info.plist */ = {isa = PBXFileReference; lastKnownFileType = text.plist.xml; path = Info.plist; sourceTree = "<group>"; };
		53C02E29285A4C21000E0585 /* main.m */ = {isa = PBXFileReference; lastKnownFileType = sourcecode.c.objc; path = main.m; sourceTree = "<group>"; };
		53C02E2F285A4C21000E0585 /* FlixterTests.xctest */ = {isa = PBXFileReference; explicitFileType = wrapper.cfbundle; includeInIndex = 0; path = FlixterTests.xctest; sourceTree = BUILT_PRODUCTS_DIR; };
		53C02E33285A4C21000E0585 /* FlixterTests.m */ = {isa = PBXFileReference; lastKnownFileType = sourcecode.c.objc; path = FlixterTests.m; sourceTree = "<group>"; };
		53C02E39285A4C21000E0585 /* FlixterUITests.xctest */ = {isa = PBXFileReference; explicitFileType = wrapper.cfbundle; includeInIndex = 0; path = FlixterUITests.xctest; sourceTree = BUILT_PRODUCTS_DIR; };
		53C02E3D285A4C21000E0585 /* FlixterUITests.m */ = {isa = PBXFileReference; lastKnownFileType = sourcecode.c.objc; path = FlixterUITests.m; sourceTree = "<group>"; };
		53C02E3F285A4C21000E0585 /* FlixterUITestsLaunchTests.m */ = {isa = PBXFileReference; lastKnownFileType = sourcecode.c.objc; path = FlixterUITestsLaunchTests.m; sourceTree = "<group>"; };
		53C02E4C285A51A6000E0585 /* MovieViewController.h */ = {isa = PBXFileReference; lastKnownFileType = sourcecode.c.h; path = MovieViewController.h; sourceTree = "<group>"; };
		53C02E4D285A51A6000E0585 /* MovieViewController.m */ = {isa = PBXFileReference; lastKnownFileType = sourcecode.c.objc; path = MovieViewController.m; sourceTree = "<group>"; };
		53C02E52285A7980000E0585 /* MovieCell.h */ = {isa = PBXFileReference; lastKnownFileType = sourcecode.c.h; name = MovieCell.h; path = Views/MovieCell.h; sourceTree = "<group>"; };
		53C02E53285A7980000E0585 /* MovieCell.m */ = {isa = PBXFileReference; lastKnownFileType = sourcecode.c.objc; name = MovieCell.m; path = Views/MovieCell.m; sourceTree = "<group>"; };
		53C87940285C0285004F9270 /* GridViewController.h */ = {isa = PBXFileReference; lastKnownFileType = sourcecode.c.h; path = GridViewController.h; sourceTree = "<group>"; };
		53C87941285C0285004F9270 /* GridViewController.m */ = {isa = PBXFileReference; lastKnownFileType = sourcecode.c.objc; path = GridViewController.m; sourceTree = "<group>"; };
		53C87946285C0FEE004F9270 /* AllMoviesCell.h */ = {isa = PBXFileReference; lastKnownFileType = sourcecode.c.h; path = AllMoviesCell.h; sourceTree = "<group>"; };
		53C87947285C0FEE004F9270 /* AllMoviesCell.m */ = {isa = PBXFileReference; lastKnownFileType = sourcecode.c.objc; path = AllMoviesCell.m; sourceTree = "<group>"; };
		5BD645B2A9668D5CE62E7050 /* Pods-FlixterTests.release.xcconfig */ = {isa = PBXFileReference; includeInIndex = 1; lastKnownFileType = text.xcconfig; name = "Pods-FlixterTests.release.xcconfig"; path = "Target Support Files/Pods-FlixterTests/Pods-FlixterTests.release.xcconfig"; sourceTree = "<group>"; };
		5CBD77DE953F2EE441A1B0E0 /* Pods_Flixter.framework */ = {isa = PBXFileReference; explicitFileType = wrapper.framework; includeInIndex = 0; path = Pods_Flixter.framework; sourceTree = BUILT_PRODUCTS_DIR; };
		5D8B98A99EA1A89FC714DF55 /* Pods-FlixterTests.debug.xcconfig */ = {isa = PBXFileReference; includeInIndex = 1; lastKnownFileType = text.xcconfig; name = "Pods-FlixterTests.debug.xcconfig"; path = "Target Support Files/Pods-FlixterTests/Pods-FlixterTests.debug.xcconfig"; sourceTree = "<group>"; };
		78B8BB8DEC29F65E43D5CE78 /* Pods-Flixter-FlixterUITests.debug.xcconfig */ = {isa = PBXFileReference; includeInIndex = 1; lastKnownFileType = text.xcconfig; name = "Pods-Flixter-FlixterUITests.debug.xcconfig"; path = "Target Support Files/Pods-Flixter-FlixterUITests/Pods-Flixter-FlixterUITests.debug.xcconfig"; sourceTree = "<group>"; };
		7E1C61082A96BA4786464CFD /* Pods-Flixter-FlixterUITests.release.xcconfig */ = {isa = PBXFileReference; includeInIndex = 1; lastKnownFileType = text.xcconfig; name = "Pods-Flixter-FlixterUITests.release.xcconfig"; path = "Target Support Files/Pods-Flixter-FlixterUITests/Pods-Flixter-FlixterUITests.release.xcconfig"; sourceTree = "<group>"; };
		88F5E3CA7A396604C615484B /* Pods-Flixter.debug.xcconfig */ = {isa = PBXFileReference; includeInIndex = 1; lastKnownFileType = text.xcconfig; name = "Pods-Flixter.debug.xcconfig"; path = "Target Support Files/Pods-Flixter/Pods-Flixter.debug.xcconfig"; sourceTree = "<group>"; };
		90D7A3FB8D9269DDACE6AB02 /* Pods_Flixter_FlixterUITests.framework */ = {isa = PBXFileReference; explicitFileType = wrapper.framework; includeInIndex = 0; path = Pods_Flixter_FlixterUITests.framework; sourceTree = BUILT_PRODUCTS_DIR; };
		A397CC7DA39F62C73E92ECCA /* Pods_FlixterTests.framework */ = {isa = PBXFileReference; explicitFileType = wrapper.framework; includeInIndex = 0; path = Pods_FlixterTests.framework; sourceTree = BUILT_PRODUCTS_DIR; };
/* End PBXFileReference section */

/* Begin PBXFrameworksBuildPhase section */
		53C02E11285A4C20000E0585 /* Frameworks */ = {
			isa = PBXFrameworksBuildPhase;
			buildActionMask = 2147483647;
			files = (
				76D8EC43B896A021B759DA0B /* Pods_Flixter.framework in Frameworks */,
			);
			runOnlyForDeploymentPostprocessing = 0;
		};
		53C02E2C285A4C21000E0585 /* Frameworks */ = {
			isa = PBXFrameworksBuildPhase;
			buildActionMask = 2147483647;
			files = (
				FA20D8E5FFC670CE4F691093 /* Pods_FlixterTests.framework in Frameworks */,
			);
			runOnlyForDeploymentPostprocessing = 0;
		};
		53C02E36285A4C21000E0585 /* Frameworks */ = {
			isa = PBXFrameworksBuildPhase;
			buildActionMask = 2147483647;
			files = (
				719CAFCDBB9A647C52E5BE85 /* Pods_Flixter_FlixterUITests.framework in Frameworks */,
			);
			runOnlyForDeploymentPostprocessing = 0;
		};
/* End PBXFrameworksBuildPhase section */

/* Begin PBXGroup section */
		533564314B89B495C397C5E1 /* Frameworks */ = {
			isa = PBXGroup;
			children = (
				5CBD77DE953F2EE441A1B0E0 /* Pods_Flixter.framework */,
				90D7A3FB8D9269DDACE6AB02 /* Pods_Flixter_FlixterUITests.framework */,
				A397CC7DA39F62C73E92ECCA /* Pods_FlixterTests.framework */,
			);
			name = Frameworks;
			sourceTree = "<group>";
		};
		53C02E0B285A4C20000E0585 = {
			isa = PBXGroup;
			children = (
				53C87946285C0FEE004F9270 /* AllMoviesCell.h */,
				53C87947285C0FEE004F9270 /* AllMoviesCell.m */,
				53C02E52285A7980000E0585 /* MovieCell.h */,
				53C02E53285A7980000E0585 /* MovieCell.m */,
				53C02E16285A4C20000E0585 /* Flixter */,
				53C02E32285A4C21000E0585 /* FlixterTests */,
				53C02E3C285A4C21000E0585 /* FlixterUITests */,
				53C02E15285A4C20000E0585 /* Products */,
				6F4CB30AA0280B1D76C6A446 /* Pods */,
				533564314B89B495C397C5E1 /* Frameworks */,
			);
			sourceTree = "<group>";
		};
		53C02E15285A4C20000E0585 /* Products */ = {
			isa = PBXGroup;
			children = (
				53C02E14285A4C20000E0585 /* Flixter.app */,
				53C02E2F285A4C21000E0585 /* FlixterTests.xctest */,
				53C02E39285A4C21000E0585 /* FlixterUITests.xctest */,
			);
			name = Products;
			sourceTree = "<group>";
		};
		53C02E16285A4C20000E0585 /* Flixter */ = {
			isa = PBXGroup;
			children = (
				53C02E17285A4C20000E0585 /* AppDelegate.h */,
				53C02E18285A4C20000E0585 /* AppDelegate.m */,
				53C02E1A285A4C20000E0585 /* SceneDelegate.h */,
				53C02E1B285A4C20000E0585 /* SceneDelegate.m */,
				53C02E20285A4C20000E0585 /* Main.storyboard */,
				53C02E4C285A51A6000E0585 /* MovieViewController.h */,
				53C02E4D285A51A6000E0585 /* MovieViewController.m */,
				53C02E23285A4C21000E0585 /* Assets.xcassets */,
				53C02E25285A4C21000E0585 /* LaunchScreen.storyboard */,
				53C02E28285A4C21000E0585 /* Info.plist */,
				53C02E29285A4C21000E0585 /* main.m */,
				535EC7A1285A9838007CA7AC /* DetailsViewController.h */,
				535EC7A2285A9838007CA7AC /* DetailsViewController.m */,
				53C87940285C0285004F9270 /* GridViewController.h */,
				53C87941285C0285004F9270 /* GridViewController.m */,
			);
			path = Flixter;
			sourceTree = "<group>";
		};
		53C02E32285A4C21000E0585 /* FlixterTests */ = {
			isa = PBXGroup;
			children = (
				53C02E33285A4C21000E0585 /* FlixterTests.m */,
			);
			path = FlixterTests;
			sourceTree = "<group>";
		};
		53C02E3C285A4C21000E0585 /* FlixterUITests */ = {
			isa = PBXGroup;
			children = (
				53C02E3D285A4C21000E0585 /* FlixterUITests.m */,
				53C02E3F285A4C21000E0585 /* FlixterUITestsLaunchTests.m */,
			);
			path = FlixterUITests;
			sourceTree = "<group>";
		};
		6F4CB30AA0280B1D76C6A446 /* Pods */ = {
			isa = PBXGroup;
			children = (
				88F5E3CA7A396604C615484B /* Pods-Flixter.debug.xcconfig */,
				18B746664367E68FE96D2CE0 /* Pods-Flixter.release.xcconfig */,
				78B8BB8DEC29F65E43D5CE78 /* Pods-Flixter-FlixterUITests.debug.xcconfig */,
				7E1C61082A96BA4786464CFD /* Pods-Flixter-FlixterUITests.release.xcconfig */,
				5D8B98A99EA1A89FC714DF55 /* Pods-FlixterTests.debug.xcconfig */,
				5BD645B2A9668D5CE62E7050 /* Pods-FlixterTests.release.xcconfig */,
			);
			path = Pods;
			sourceTree = "<group>";
		};
/* End PBXGroup section */

/* Begin PBXNativeTarget section */
		53C02E13285A4C20000E0585 /* Flixter */ = {
			isa = PBXNativeTarget;
			buildConfigurationList = 53C02E43285A4C21000E0585 /* Build configuration list for PBXNativeTarget "Flixter" */;
			buildPhases = (
				D964EC23A2612BAC9D0AE1F3 /* [CP] Check Pods Manifest.lock */,
				53C02E10285A4C20000E0585 /* Sources */,
				53C02E11285A4C20000E0585 /* Frameworks */,
				53C02E12285A4C20000E0585 /* Resources */,
				52035348E16664B787E5DC7F /* [CP] Embed Pods Frameworks */,
			);
			buildRules = (
			);
			dependencies = (
			);
			name = Flixter;
			productName = Flixter;
			productReference = 53C02E14285A4C20000E0585 /* Flixter.app */;
			productType = "com.apple.product-type.application";
		};
		53C02E2E285A4C21000E0585 /* FlixterTests */ = {
			isa = PBXNativeTarget;
			buildConfigurationList = 53C02E46285A4C21000E0585 /* Build configuration list for PBXNativeTarget "FlixterTests" */;
			buildPhases = (
				780EF4FE19ED4FED8D0FEE3B /* [CP] Check Pods Manifest.lock */,
				53C02E2B285A4C21000E0585 /* Sources */,
				53C02E2C285A4C21000E0585 /* Frameworks */,
				53C02E2D285A4C21000E0585 /* Resources */,
			);
			buildRules = (
			);
			dependencies = (
				53C02E31285A4C21000E0585 /* PBXTargetDependency */,
			);
			name = FlixterTests;
			productName = FlixterTests;
			productReference = 53C02E2F285A4C21000E0585 /* FlixterTests.xctest */;
			productType = "com.apple.product-type.bundle.unit-test";
		};
		53C02E38285A4C21000E0585 /* FlixterUITests */ = {
			isa = PBXNativeTarget;
			buildConfigurationList = 53C02E49285A4C21000E0585 /* Build configuration list for PBXNativeTarget "FlixterUITests" */;
			buildPhases = (
				555C8B9CC27743801750D688 /* [CP] Check Pods Manifest.lock */,
				53C02E35285A4C21000E0585 /* Sources */,
				53C02E36285A4C21000E0585 /* Frameworks */,
				53C02E37285A4C21000E0585 /* Resources */,
				0EC6BA9560611D36B5438D67 /* [CP] Embed Pods Frameworks */,
			);
			buildRules = (
			);
			dependencies = (
				53C02E3B285A4C21000E0585 /* PBXTargetDependency */,
			);
			name = FlixterUITests;
			productName = FlixterUITests;
			productReference = 53C02E39285A4C21000E0585 /* FlixterUITests.xctest */;
			productType = "com.apple.product-type.bundle.ui-testing";
		};
/* End PBXNativeTarget section */

/* Begin PBXProject section */
		53C02E0C285A4C20000E0585 /* Project object */ = {
			isa = PBXProject;
			attributes = {
				BuildIndependentTargetsInParallel = 1;
				LastUpgradeCheck = 1340;
				TargetAttributes = {
					53C02E13285A4C20000E0585 = {
						CreatedOnToolsVersion = 13.4;
					};
					53C02E2E285A4C21000E0585 = {
						CreatedOnToolsVersion = 13.4;
						TestTargetID = 53C02E13285A4C20000E0585;
					};
					53C02E38285A4C21000E0585 = {
						CreatedOnToolsVersion = 13.4;
						TestTargetID = 53C02E13285A4C20000E0585;
					};
				};
			};
			buildConfigurationList = 53C02E0F285A4C20000E0585 /* Build configuration list for PBXProject "Flixter" */;
			compatibilityVersion = "Xcode 13.0";
			developmentRegion = en;
			hasScannedForEncodings = 0;
			knownRegions = (
				en,
				Base,
			);
			mainGroup = 53C02E0B285A4C20000E0585;
			productRefGroup = 53C02E15285A4C20000E0585 /* Products */;
			projectDirPath = "";
			projectRoot = "";
			targets = (
				53C02E13285A4C20000E0585 /* Flixter */,
				53C02E2E285A4C21000E0585 /* FlixterTests */,
				53C02E38285A4C21000E0585 /* FlixterUITests */,
			);
		};
/* End PBXProject section */

/* Begin PBXResourcesBuildPhase section */
		53C02E12285A4C20000E0585 /* Resources */ = {
			isa = PBXResourcesBuildPhase;
			buildActionMask = 2147483647;
			files = (
				53C02E27285A4C21000E0585 /* LaunchScreen.storyboard in Resources */,
				53C02E24285A4C21000E0585 /* Assets.xcassets in Resources */,
				53C02E22285A4C20000E0585 /* Main.storyboard in Resources */,
			);
			runOnlyForDeploymentPostprocessing = 0;
		};
		53C02E2D285A4C21000E0585 /* Resources */ = {
			isa = PBXResourcesBuildPhase;
			buildActionMask = 2147483647;
			files = (
			);
			runOnlyForDeploymentPostprocessing = 0;
		};
		53C02E37285A4C21000E0585 /* Resources */ = {
			isa = PBXResourcesBuildPhase;
			buildActionMask = 2147483647;
			files = (
			);
			runOnlyForDeploymentPostprocessing = 0;
		};
/* End PBXResourcesBuildPhase section */

/* Begin PBXShellScriptBuildPhase section */
		0EC6BA9560611D36B5438D67 /* [CP] Embed Pods Frameworks */ = {
			isa = PBXShellScriptBuildPhase;
			buildActionMask = 2147483647;
			files = (
			);
			inputFileListPaths = (
				"${PODS_ROOT}/Target Support Files/Pods-Flixter-FlixterUITests/Pods-Flixter-FlixterUITests-frameworks-${CONFIGURATION}-input-files.xcfilelist",
			);
			name = "[CP] Embed Pods Frameworks";
			outputFileListPaths = (
				"${PODS_ROOT}/Target Support Files/Pods-Flixter-FlixterUITests/Pods-Flixter-FlixterUITests-frameworks-${CONFIGURATION}-output-files.xcfilelist",
			);
			runOnlyForDeploymentPostprocessing = 0;
			shellPath = /bin/sh;
			shellScript = "\"${PODS_ROOT}/Target Support Files/Pods-Flixter-FlixterUITests/Pods-Flixter-FlixterUITests-frameworks.sh\"\n";
			showEnvVarsInLog = 0;
		};
		52035348E16664B787E5DC7F /* [CP] Embed Pods Frameworks */ = {
			isa = PBXShellScriptBuildPhase;
			buildActionMask = 2147483647;
			files = (
			);
			inputFileListPaths = (
				"${PODS_ROOT}/Target Support Files/Pods-Flixter/Pods-Flixter-frameworks-${CONFIGURATION}-input-files.xcfilelist",
			);
			name = "[CP] Embed Pods Frameworks";
			outputFileListPaths = (
				"${PODS_ROOT}/Target Support Files/Pods-Flixter/Pods-Flixter-frameworks-${CONFIGURATION}-output-files.xcfilelist",
			);
			runOnlyForDeploymentPostprocessing = 0;
			shellPath = /bin/sh;
			shellScript = "\"${PODS_ROOT}/Target Support Files/Pods-Flixter/Pods-Flixter-frameworks.sh\"\n";
			showEnvVarsInLog = 0;
		};
		555C8B9CC27743801750D688 /* [CP] Check Pods Manifest.lock */ = {
			isa = PBXShellScriptBuildPhase;
			buildActionMask = 2147483647;
			files = (
			);
			inputFileListPaths = (
			);
			inputPaths = (
				"${PODS_PODFILE_DIR_PATH}/Podfile.lock",
				"${PODS_ROOT}/Manifest.lock",
			);
			name = "[CP] Check Pods Manifest.lock";
			outputFileListPaths = (
			);
			outputPaths = (
				"$(DERIVED_FILE_DIR)/Pods-Flixter-FlixterUITests-checkManifestLockResult.txt",
			);
			runOnlyForDeploymentPostprocessing = 0;
			shellPath = /bin/sh;
			shellScript = "diff \"${PODS_PODFILE_DIR_PATH}/Podfile.lock\" \"${PODS_ROOT}/Manifest.lock\" > /dev/null\nif [ $? != 0 ] ; then\n    # print error to STDERR\n    echo \"error: The sandbox is not in sync with the Podfile.lock. Run 'pod install' or update your CocoaPods installation.\" >&2\n    exit 1\nfi\n# This output is used by Xcode 'outputs' to avoid re-running this script phase.\necho \"SUCCESS\" > \"${SCRIPT_OUTPUT_FILE_0}\"\n";
			showEnvVarsInLog = 0;
		};
		780EF4FE19ED4FED8D0FEE3B /* [CP] Check Pods Manifest.lock */ = {
			isa = PBXShellScriptBuildPhase;
			buildActionMask = 2147483647;
			files = (
			);
			inputFileListPaths = (
			);
			inputPaths = (
				"${PODS_PODFILE_DIR_PATH}/Podfile.lock",
				"${PODS_ROOT}/Manifest.lock",
			);
			name = "[CP] Check Pods Manifest.lock";
			outputFileListPaths = (
			);
			outputPaths = (
				"$(DERIVED_FILE_DIR)/Pods-FlixterTests-checkManifestLockResult.txt",
			);
			runOnlyForDeploymentPostprocessing = 0;
			shellPath = /bin/sh;
			shellScript = "diff \"${PODS_PODFILE_DIR_PATH}/Podfile.lock\" \"${PODS_ROOT}/Manifest.lock\" > /dev/null\nif [ $? != 0 ] ; then\n    # print error to STDERR\n    echo \"error: The sandbox is not in sync with the Podfile.lock. Run 'pod install' or update your CocoaPods installation.\" >&2\n    exit 1\nfi\n# This output is used by Xcode 'outputs' to avoid re-running this script phase.\necho \"SUCCESS\" > \"${SCRIPT_OUTPUT_FILE_0}\"\n";
			showEnvVarsInLog = 0;
		};
		D964EC23A2612BAC9D0AE1F3 /* [CP] Check Pods Manifest.lock */ = {
			isa = PBXShellScriptBuildPhase;
			buildActionMask = 2147483647;
			files = (
			);
			inputFileListPaths = (
			);
			inputPaths = (
				"${PODS_PODFILE_DIR_PATH}/Podfile.lock",
				"${PODS_ROOT}/Manifest.lock",
			);
			name = "[CP] Check Pods Manifest.lock";
			outputFileListPaths = (
			);
			outputPaths = (
				"$(DERIVED_FILE_DIR)/Pods-Flixter-checkManifestLockResult.txt",
			);
			runOnlyForDeploymentPostprocessing = 0;
			shellPath = /bin/sh;
			shellScript = "diff \"${PODS_PODFILE_DIR_PATH}/Podfile.lock\" \"${PODS_ROOT}/Manifest.lock\" > /dev/null\nif [ $? != 0 ] ; then\n    # print error to STDERR\n    echo \"error: The sandbox is not in sync with the Podfile.lock. Run 'pod install' or update your CocoaPods installation.\" >&2\n    exit 1\nfi\n# This output is used by Xcode 'outputs' to avoid re-running this script phase.\necho \"SUCCESS\" > \"${SCRIPT_OUTPUT_FILE_0}\"\n";
			showEnvVarsInLog = 0;
		};
/* End PBXShellScriptBuildPhase section */

/* Begin PBXSourcesBuildPhase section */
		53C02E10285A4C20000E0585 /* Sources */ = {
			isa = PBXSourcesBuildPhase;
			buildActionMask = 2147483647;
			files = (
				53C02E19285A4C20000E0585 /* AppDelegate.m in Sources */,
				53C02E54285A7980000E0585 /* MovieCell.m in Sources */,
				53C02E2A285A4C21000E0585 /* main.m in Sources */,
				53C87942285C0285004F9270 /* GridViewController.m in Sources */,
				535EC7A3285A9838007CA7AC /* DetailsViewController.m in Sources */,
				53C02E1C285A4C20000E0585 /* SceneDelegate.m in Sources */,
				53C87948285C0FEE004F9270 /* AllMoviesCell.m in Sources */,
				53C02E4E285A51A6000E0585 /* MovieViewController.m in Sources */,
			);
			runOnlyForDeploymentPostprocessing = 0;
		};
		53C02E2B285A4C21000E0585 /* Sources */ = {
			isa = PBXSourcesBuildPhase;
			buildActionMask = 2147483647;
			files = (
				53C02E34285A4C21000E0585 /* FlixterTests.m in Sources */,
			);
			runOnlyForDeploymentPostprocessing = 0;
		};
		53C02E35285A4C21000E0585 /* Sources */ = {
			isa = PBXSourcesBuildPhase;
			buildActionMask = 2147483647;
			files = (
				53C02E3E285A4C21000E0585 /* FlixterUITests.m in Sources */,
				53C02E40285A4C21000E0585 /* FlixterUITestsLaunchTests.m in Sources */,
			);
			runOnlyForDeploymentPostprocessing = 0;
		};
/* End PBXSourcesBuildPhase section */

/* Begin PBXTargetDependency section */
		53C02E31285A4C21000E0585 /* PBXTargetDependency */ = {
			isa = PBXTargetDependency;
			target = 53C02E13285A4C20000E0585 /* Flixter */;
			targetProxy = 53C02E30285A4C21000E0585 /* PBXContainerItemProxy */;
		};
		53C02E3B285A4C21000E0585 /* PBXTargetDependency */ = {
			isa = PBXTargetDependency;
			target = 53C02E13285A4C20000E0585 /* Flixter */;
			targetProxy = 53C02E3A285A4C21000E0585 /* PBXContainerItemProxy */;
		};
/* End PBXTargetDependency section */

/* Begin PBXVariantGroup section */
		53C02E20285A4C20000E0585 /* Main.storyboard */ = {
			isa = PBXVariantGroup;
			children = (
				53C02E21285A4C20000E0585 /* Base */,
			);
			name = Main.storyboard;
			sourceTree = "<group>";
		};
		53C02E25285A4C21000E0585 /* LaunchScreen.storyboard */ = {
			isa = PBXVariantGroup;
			children = (
				53C02E26285A4C21000E0585 /* Base */,
			);
			name = LaunchScreen.storyboard;
			sourceTree = "<group>";
		};
/* End PBXVariantGroup section */

/* Begin XCBuildConfiguration section */
		53C02E41285A4C21000E0585 /* Debug */ = {
			isa = XCBuildConfiguration;
			buildSettings = {
				ALWAYS_SEARCH_USER_PATHS = NO;
				CLANG_ANALYZER_NONNULL = YES;
				CLANG_ANALYZER_NUMBER_OBJECT_CONVERSION = YES_AGGRESSIVE;
				CLANG_CXX_LANGUAGE_STANDARD = "gnu++17";
				CLANG_ENABLE_MODULES = YES;
				CLANG_ENABLE_OBJC_ARC = YES;
				CLANG_ENABLE_OBJC_WEAK = YES;
				CLANG_WARN_BLOCK_CAPTURE_AUTORELEASING = YES;
				CLANG_WARN_BOOL_CONVERSION = YES;
				CLANG_WARN_COMMA = YES;
				CLANG_WARN_CONSTANT_CONVERSION = YES;
				CLANG_WARN_DEPRECATED_OBJC_IMPLEMENTATIONS = YES;
				CLANG_WARN_DIRECT_OBJC_ISA_USAGE = YES_ERROR;
				CLANG_WARN_DOCUMENTATION_COMMENTS = YES;
				CLANG_WARN_EMPTY_BODY = YES;
				CLANG_WARN_ENUM_CONVERSION = YES;
				CLANG_WARN_INFINITE_RECURSION = YES;
				CLANG_WARN_INT_CONVERSION = YES;
				CLANG_WARN_NON_LITERAL_NULL_CONVERSION = YES;
				CLANG_WARN_OBJC_IMPLICIT_RETAIN_SELF = YES;
				CLANG_WARN_OBJC_LITERAL_CONVERSION = YES;
				CLANG_WARN_OBJC_ROOT_CLASS = YES_ERROR;
				CLANG_WARN_QUOTED_INCLUDE_IN_FRAMEWORK_HEADER = YES;
				CLANG_WARN_RANGE_LOOP_ANALYSIS = YES;
				CLANG_WARN_STRICT_PROTOTYPES = YES;
				CLANG_WARN_SUSPICIOUS_MOVE = YES;
				CLANG_WARN_UNGUARDED_AVAILABILITY = YES_AGGRESSIVE;
				CLANG_WARN_UNREACHABLE_CODE = YES;
				CLANG_WARN__DUPLICATE_METHOD_MATCH = YES;
				COPY_PHASE_STRIP = NO;
				DEBUG_INFORMATION_FORMAT = dwarf;
				ENABLE_STRICT_OBJC_MSGSEND = YES;
				ENABLE_TESTABILITY = YES;
				GCC_C_LANGUAGE_STANDARD = gnu11;
				GCC_DYNAMIC_NO_PIC = NO;
				GCC_NO_COMMON_BLOCKS = YES;
				GCC_OPTIMIZATION_LEVEL = 0;
				GCC_PREPROCESSOR_DEFINITIONS = (
					"DEBUG=1",
					"$(inherited)",
				);
				GCC_WARN_64_TO_32_BIT_CONVERSION = YES;
				GCC_WARN_ABOUT_RETURN_TYPE = YES_ERROR;
				GCC_WARN_UNDECLARED_SELECTOR = YES;
				GCC_WARN_UNINITIALIZED_AUTOS = YES_AGGRESSIVE;
				GCC_WARN_UNUSED_FUNCTION = YES;
				GCC_WARN_UNUSED_VARIABLE = YES;
				IPHONEOS_DEPLOYMENT_TARGET = 15.5;
				MTL_ENABLE_DEBUG_INFO = INCLUDE_SOURCE;
				MTL_FAST_MATH = YES;
				ONLY_ACTIVE_ARCH = YES;
				SDKROOT = iphoneos;
			};
			name = Debug;
		};
		53C02E42285A4C21000E0585 /* Release */ = {
			isa = XCBuildConfiguration;
			buildSettings = {
				ALWAYS_SEARCH_USER_PATHS = NO;
				CLANG_ANALYZER_NONNULL = YES;
				CLANG_ANALYZER_NUMBER_OBJECT_CONVERSION = YES_AGGRESSIVE;
				CLANG_CXX_LANGUAGE_STANDARD = "gnu++17";
				CLANG_ENABLE_MODULES = YES;
				CLANG_ENABLE_OBJC_ARC = YES;
				CLANG_ENABLE_OBJC_WEAK = YES;
				CLANG_WARN_BLOCK_CAPTURE_AUTORELEASING = YES;
				CLANG_WARN_BOOL_CONVERSION = YES;
				CLANG_WARN_COMMA = YES;
				CLANG_WARN_CONSTANT_CONVERSION = YES;
				CLANG_WARN_DEPRECATED_OBJC_IMPLEMENTATIONS = YES;
				CLANG_WARN_DIRECT_OBJC_ISA_USAGE = YES_ERROR;
				CLANG_WARN_DOCUMENTATION_COMMENTS = YES;
				CLANG_WARN_EMPTY_BODY = YES;
				CLANG_WARN_ENUM_CONVERSION = YES;
				CLANG_WARN_INFINITE_RECURSION = YES;
				CLANG_WARN_INT_CONVERSION = YES;
				CLANG_WARN_NON_LITERAL_NULL_CONVERSION = YES;
				CLANG_WARN_OBJC_IMPLICIT_RETAIN_SELF = YES;
				CLANG_WARN_OBJC_LITERAL_CONVERSION = YES;
				CLANG_WARN_OBJC_ROOT_CLASS = YES_ERROR;
				CLANG_WARN_QUOTED_INCLUDE_IN_FRAMEWORK_HEADER = YES;
				CLANG_WARN_RANGE_LOOP_ANALYSIS = YES;
				CLANG_WARN_STRICT_PROTOTYPES = YES;
				CLANG_WARN_SUSPICIOUS_MOVE = YES;
				CLANG_WARN_UNGUARDED_AVAILABILITY = YES_AGGRESSIVE;
				CLANG_WARN_UNREACHABLE_CODE = YES;
				CLANG_WARN__DUPLICATE_METHOD_MATCH = YES;
				COPY_PHASE_STRIP = NO;
				DEBUG_INFORMATION_FORMAT = "dwarf-with-dsym";
				ENABLE_NS_ASSERTIONS = NO;
				ENABLE_STRICT_OBJC_MSGSEND = YES;
				GCC_C_LANGUAGE_STANDARD = gnu11;
				GCC_NO_COMMON_BLOCKS = YES;
				GCC_WARN_64_TO_32_BIT_CONVERSION = YES;
				GCC_WARN_ABOUT_RETURN_TYPE = YES_ERROR;
				GCC_WARN_UNDECLARED_SELECTOR = YES;
				GCC_WARN_UNINITIALIZED_AUTOS = YES_AGGRESSIVE;
				GCC_WARN_UNUSED_FUNCTION = YES;
				GCC_WARN_UNUSED_VARIABLE = YES;
				IPHONEOS_DEPLOYMENT_TARGET = 15.5;
				MTL_ENABLE_DEBUG_INFO = NO;
				MTL_FAST_MATH = YES;
				SDKROOT = iphoneos;
				VALIDATE_PRODUCT = YES;
			};
			name = Release;
		};
		53C02E44285A4C21000E0585 /* Debug */ = {
			isa = XCBuildConfiguration;
			baseConfigurationReference = 88F5E3CA7A396604C615484B /* Pods-Flixter.debug.xcconfig */;
			buildSettings = {
				ASSETCATALOG_COMPILER_APPICON_NAME = AppIcon;
				ASSETCATALOG_COMPILER_GLOBAL_ACCENT_COLOR_NAME = AccentColor;
				CODE_SIGN_STYLE = Automatic;
				CURRENT_PROJECT_VERSION = 1;
				DEVELOPMENT_TEAM = MMMF73JAZU;
				GENERATE_INFOPLIST_FILE = YES;
				INFOPLIST_FILE = Flixter/Info.plist;
				INFOPLIST_KEY_UIApplicationSupportsIndirectInputEvents = YES;
				INFOPLIST_KEY_UILaunchStoryboardName = LaunchScreen;
				INFOPLIST_KEY_UIMainStoryboardFile = Main;
				INFOPLIST_KEY_UISupportedInterfaceOrientations_iPad = "UIInterfaceOrientationPortrait UIInterfaceOrientationPortraitUpsideDown UIInterfaceOrientationLandscapeLeft UIInterfaceOrientationLandscapeRight";
				INFOPLIST_KEY_UISupportedInterfaceOrientations_iPhone = "UIInterfaceOrientationPortrait UIInterfaceOrientationLandscapeLeft UIInterfaceOrientationLandscapeRight";
				LD_RUNPATH_SEARCH_PATHS = (
					"$(inherited)",
					"@executable_path/Frameworks",
				);
				MARKETING_VERSION = 1.0;
				PRODUCT_BUNDLE_IDENTIFIER = com.alicezhang.Flixter;
				PRODUCT_NAME = "$(TARGET_NAME)";
				SWIFT_EMIT_LOC_STRINGS = YES;
				TARGETED_DEVICE_FAMILY = "1,2";
			};
			name = Debug;
		};
		53C02E45285A4C21000E0585 /* Release */ = {
			isa = XCBuildConfiguration;
			baseConfigurationReference = 18B746664367E68FE96D2CE0 /* Pods-Flixter.release.xcconfig */;
			buildSettings = {
				ASSETCATALOG_COMPILER_APPICON_NAME = AppIcon;
				ASSETCATALOG_COMPILER_GLOBAL_ACCENT_COLOR_NAME = AccentColor;
				CODE_SIGN_STYLE = Automatic;
				CURRENT_PROJECT_VERSION = 1;
				DEVELOPMENT_TEAM = MMMF73JAZU;
				GENERATE_INFOPLIST_FILE = YES;
				INFOPLIST_FILE = Flixter/Info.plist;
				INFOPLIST_KEY_UIApplicationSupportsIndirectInputEvents = YES;
				INFOPLIST_KEY_UILaunchStoryboardName = LaunchScreen;
				INFOPLIST_KEY_UIMainStoryboardFile = Main;
				INFOPLIST_KEY_UISupportedInterfaceOrientations_iPad = "UIInterfaceOrientationPortrait UIInterfaceOrientationPortraitUpsideDown UIInterfaceOrientationLandscapeLeft UIInterfaceOrientationLandscapeRight";
				INFOPLIST_KEY_UISupportedInterfaceOrientations_iPhone = "UIInterfaceOrientationPortrait UIInterfaceOrientationLandscapeLeft UIInterfaceOrientationLandscapeRight";
				LD_RUNPATH_SEARCH_PATHS = (
					"$(inherited)",
					"@executable_path/Frameworks",
				);
				MARKETING_VERSION = 1.0;
				PRODUCT_BUNDLE_IDENTIFIER = com.alicezhang.Flixter;
				PRODUCT_NAME = "$(TARGET_NAME)";
				SWIFT_EMIT_LOC_STRINGS = YES;
				TARGETED_DEVICE_FAMILY = "1,2";
			};
			name = Release;
		};
		53C02E47285A4C21000E0585 /* Debug */ = {
			isa = XCBuildConfiguration;
			baseConfigurationReference = 5D8B98A99EA1A89FC714DF55 /* Pods-FlixterTests.debug.xcconfig */;
			buildSettings = {
				BUNDLE_LOADER = "$(TEST_HOST)";
				CODE_SIGN_STYLE = Automatic;
				CURRENT_PROJECT_VERSION = 1;
				DEVELOPMENT_TEAM = MMMF73JAZU;
				GENERATE_INFOPLIST_FILE = YES;
				IPHONEOS_DEPLOYMENT_TARGET = 15.5;
				MARKETING_VERSION = 1.0;
				PRODUCT_BUNDLE_IDENTIFIER = com.alicezhang.FlixterTests;
				PRODUCT_NAME = "$(TARGET_NAME)";
				SWIFT_EMIT_LOC_STRINGS = NO;
				TARGETED_DEVICE_FAMILY = "1,2";
				TEST_HOST = "$(BUILT_PRODUCTS_DIR)/Flixter.app/Flixter";
			};
			name = Debug;
		};
		53C02E48285A4C21000E0585 /* Release */ = {
			isa = XCBuildConfiguration;
			baseConfigurationReference = 5BD645B2A9668D5CE62E7050 /* Pods-FlixterTests.release.xcconfig */;
			buildSettings = {
				BUNDLE_LOADER = "$(TEST_HOST)";
				CODE_SIGN_STYLE = Automatic;
				CURRENT_PROJECT_VERSION = 1;
				DEVELOPMENT_TEAM = MMMF73JAZU;
				GENERATE_INFOPLIST_FILE = YES;
				IPHONEOS_DEPLOYMENT_TARGET = 15.5;
				MARKETING_VERSION = 1.0;
				PRODUCT_BUNDLE_IDENTIFIER = com.alicezhang.FlixterTests;
				PRODUCT_NAME = "$(TARGET_NAME)";
				SWIFT_EMIT_LOC_STRINGS = NO;
				TARGETED_DEVICE_FAMILY = "1,2";
				TEST_HOST = "$(BUILT_PRODUCTS_DIR)/Flixter.app/Flixter";
			};
			name = Release;
		};
		53C02E4A285A4C21000E0585 /* Debug */ = {
			isa = XCBuildConfiguration;
			baseConfigurationReference = 78B8BB8DEC29F65E43D5CE78 /* Pods-Flixter-FlixterUITests.debug.xcconfig */;
			buildSettings = {
				CODE_SIGN_STYLE = Automatic;
				CURRENT_PROJECT_VERSION = 1;
				DEVELOPMENT_TEAM = MMMF73JAZU;
				GENERATE_INFOPLIST_FILE = YES;
				MARKETING_VERSION = 1.0;
				PRODUCT_BUNDLE_IDENTIFIER = com.alicezhang.FlixterUITests;
				PRODUCT_NAME = "$(TARGET_NAME)";
				SWIFT_EMIT_LOC_STRINGS = NO;
				TARGETED_DEVICE_FAMILY = "1,2";
				TEST_TARGET_NAME = Flixter;
			};
			name = Debug;
		};
		53C02E4B285A4C21000E0585 /* Release */ = {
			isa = XCBuildConfiguration;
			baseConfigurationReference = 7E1C61082A96BA4786464CFD /* Pods-Flixter-FlixterUITests.release.xcconfig */;
			buildSettings = {
				CODE_SIGN_STYLE = Automatic;
				CURRENT_PROJECT_VERSION = 1;
				DEVELOPMENT_TEAM = MMMF73JAZU;
				GENERATE_INFOPLIST_FILE = YES;
				MARKETING_VERSION = 1.0;
				PRODUCT_BUNDLE_IDENTIFIER = com.alicezhang.FlixterUITests;
				PRODUCT_NAME = "$(TARGET_NAME)";
				SWIFT_EMIT_LOC_STRINGS = NO;
				TARGETED_DEVICE_FAMILY = "1,2";
				TEST_TARGET_NAME = Flixter;
			};
			name = Release;
		};
/* End XCBuildConfiguration section */

/* Begin XCConfigurationList section */
		53C02E0F285A4C20000E0585 /* Build configuration list for PBXProject "Flixter" */ = {
			isa = XCConfigurationList;
			buildConfigurations = (
				53C02E41285A4C21000E0585 /* Debug */,
				53C02E42285A4C21000E0585 /* Release */,
			);
			defaultConfigurationIsVisible = 0;
			defaultConfigurationName = Release;
		};
		53C02E43285A4C21000E0585 /* Build configuration list for PBXNativeTarget "Flixter" */ = {
			isa = XCConfigurationList;
			buildConfigurations = (
				53C02E44285A4C21000E0585 /* Debug */,
				53C02E45285A4C21000E0585 /* Release */,
			);
			defaultConfigurationIsVisible = 0;
			defaultConfigurationName = Release;
		};
		53C02E46285A4C21000E0585 /* Build configuration list for PBXNativeTarget "FlixterTests" */ = {
			isa = XCConfigurationList;
			buildConfigurations = (
				53C02E47285A4C21000E0585 /* Debug */,
				53C02E48285A4C21000E0585 /* Release */,
			);
			defaultConfigurationIsVisible = 0;
			defaultConfigurationName = Release;
		};
		53C02E49285A4C21000E0585 /* Build configuration list for PBXNativeTarget "FlixterUITests" */ = {
			isa = XCConfigurationList;
			buildConfigurations = (
				53C02E4A285A4C21000E0585 /* Debug */,
				53C02E4B285A4C21000E0585 /* Release */,
			);
			defaultConfigurationIsVisible = 0;
			defaultConfigurationName = Release;
		};
/* End XCConfigurationList section */
	};
	rootObject = 53C02E0C285A4C20000E0585 /* Project object */;
}
